
Microsoft Visual Studio Solution File, Format Version 12.00
# Visual Studio Version 17
VisualStudioVersion = 17.8.34511.84
MinimumVisualStudioVersion = 10.0.40219.1
Project("{9A19103F-16F7-4668-BE54-9A1E7A4F7556}") = "CoreMVCAPICRUD", "CoreMVCAPICRUD\CoreMVCAPICRUD.csproj", "{4FAFB6FD-B984-4140-9DFB-39FC123440D5}"
EndProject
Global
	GlobalSection(SolutionConfigurationPlatforms) = preSolution
		Debug|Any CPU = Debug|Any CPU
		Release|Any CPU = Release|Any CPU
	EndGlobalSection
	GlobalSection(ProjectConfigurationPlatforms) = postSolution
		{4FAFB6FD-B984-4140-9DFB-39FC123440D5}.Debug|Any CPU.ActiveCfg = Debug|Any CPU
		{4FAFB6FD-B984-4140-9DFB-39FC123440D5}.Debug|Any CPU.Build.0 = Debug|Any CPU
		{4FAFB6FD-B984-4140-9DFB-39FC123440D5}.Release|Any CPU.ActiveCfg = Release|Any CPU
		{4FAFB6FD-B984-4140-9DFB-39FC123440D5}.Release|Any CPU.Build.0 = Release|Any CPU
	EndGlobalSection
	GlobalSection(SolutionProperties) = preSolution
		HideSolutionNode = FALSE
	EndGlobalSection
	GlobalSection(ExtensibilityGlobals) = postSolution
		SolutionGuid = {8948BE25-4E5A-4B57-ADA2-69D07346C939}
	EndGlobalSection
EndGlobal
