
Microsoft Visual Studio Solution File, Format Version 12.00
# Visual Studio Version 17
VisualStudioVersion = 17.8.34511.84
MinimumVisualStudioVersion = 10.0.40219.1
Project("{FAE04EC0-301F-11D3-BF4B-00C04F79EFBC}") = "LogsAPI", "LogsAPI\LogsAPI.csproj", "{B8B9C129-7382-4415-B82B-9A1C55604638}"
EndProject
Project("{FAE04EC0-301F-11D3-BF4B-00C04F79EFBC}") = "DAL", "DAL\DAL.csproj", "{A9590396-0DC8-42DF-82A0-4E0C303B715F}"
EndProject
Project("{FAE04EC0-301F-11D3-BF4B-00C04F79EFBC}") = "BAL", "BAL\BAL.csproj", "{5A57F278-A705-4847-9AFA-509E804BAA1B}"
EndProject
Global
	GlobalSection(SolutionConfigurationPlatforms) = preSolution
		Debug|Any CPU = Debug|Any CPU
		Release|Any CPU = Release|Any CPU
	EndGlobalSection
	GlobalSection(ProjectConfigurationPlatforms) = postSolution
		{B8B9C129-7382-4415-B82B-9A1C55604638}.Debug|Any CPU.ActiveCfg = Debug|Any CPU
		{B8B9C129-7382-4415-B82B-9A1C55604638}.Debug|Any CPU.Build.0 = Debug|Any CPU
		{B8B9C129-7382-4415-B82B-9A1C55604638}.Release|Any CPU.ActiveCfg = Release|Any CPU
		{B8B9C129-7382-4415-B82B-9A1C55604638}.Release|Any CPU.Build.0 = Release|Any CPU
		{A9590396-0DC8-42DF-82A0-4E0C303B715F}.Debug|Any CPU.ActiveCfg = Debug|Any CPU
		{A9590396-0DC8-42DF-82A0-4E0C303B715F}.Debug|Any CPU.Build.0 = Debug|Any CPU
		{A9590396-0DC8-42DF-82A0-4E0C303B715F}.Release|Any CPU.ActiveCfg = Release|Any CPU
		{A9590396-0DC8-42DF-82A0-4E0C303B715F}.Release|Any CPU.Build.0 = Release|Any CPU
		{5A57F278-A705-4847-9AFA-509E804BAA1B}.Debug|Any CPU.ActiveCfg = Debug|Any CPU
		{5A57F278-A705-4847-9AFA-509E804BAA1B}.Debug|Any CPU.Build.0 = Debug|Any CPU
		{5A57F278-A705-4847-9AFA-509E804BAA1B}.Release|Any CPU.ActiveCfg = Release|Any CPU
		{5A57F278-A705-4847-9AFA-509E804BAA1B}.Release|Any CPU.Build.0 = Release|Any CPU
	EndGlobalSection
	GlobalSection(SolutionProperties) = preSolution
		HideSolutionNode = FALSE
	EndGlobalSection
	GlobalSection(ExtensibilityGlobals) = postSolution
		SolutionGuid = {6563197D-09F4-49D7-AE0A-EF25954B8615}
	EndGlobalSection
EndGlobal
